Microsoft Visual Studio Solution File, Format Version 12.00
# Visual Studio Version 17
VisualStudioVersion = 17.0.31903.59
MinimumVisualStudioVersion = 10.0.40219.1
Project("{2150E333-8FDC-42A3-9474-1A3956D46DE8}") = "src", "src", "{A1000000-0000-4000-8000-000000000001}"
EndProject
Project("{2150E333-8FDC-42A3-9474-1A3956D46DE8}") = "tests", "tests", "{A1000000-0000-4000-8000-000000000002}"
EndProject
Project("{9A19103F-16F7-4668-BE54-9A1E7A4F7556}") = "BarberOS.Domain", "src\BarberOS.Domain\BarberOS.Domain.csproj", "{B1000000-0000-4000-8000-000000000011}"
EndProject
Project("{9A19103F-16F7-4668-BE54-9A1E7A4F7556}") = "BarberOS.Application", "src\BarberOS.Application\BarberOS.Application.csproj", "{B1000000-0000-4000-8000-000000000012}"
EndProject
Project("{9A19103F-16F7-4668-BE54-9A1E7A4F7556}") = "BarberOS.Infrastructure", "src\BarberOS.Infrastructure\BarberOS.Infrastructure.csproj", "{B1000000-0000-4000-8000-000000000013}"
EndProject
Project("{9A19103F-16F7-4668-BE54-9A1E7A4F7556}") = "BarberOS.API", "src\BarberOS.API\BarberOS.API.csproj", "{B1000000-0000-4000-8000-000000000014}"
EndProject
Project("{9A19103F-16F7-4668-BE54-9A1E7A4F7556}") = "BarberOS.Domain.Tests", "tests\BarberOS.Domain.Tests\BarberOS.Domain.Tests.csproj", "{B1000000-0000-4000-8000-000000000021}"
EndProject
Project("{9A19103F-16F7-4668-BE54-9A1E7A4F7556}") = "BarberOS.Application.Tests", "tests\BarberOS.Application.Tests\BarberOS.Application.Tests.csproj", "{B1000000-0000-4000-8000-000000000022}"
EndProject
Project("{9A19103F-16F7-4668-BE54-9A1E7A4F7556}") = "BarberOS.Api.IntegrationTests", "tests\BarberOS.Api.IntegrationTests\BarberOS.Api.IntegrationTests.csproj", "{B1000000-0000-4000-8000-000000000023}"
EndProject
Global
	GlobalSection(SolutionConfigurationPlatforms) = preSolution
		Debug|Any CPU = Debug|Any CPU
		Release|Any CPU = Release|Any CPU
	EndGlobalSection
	GlobalSection(ProjectConfigurationPlatforms) = postSolution
		{B1000000-0000-4000-8000-000000000011}.Debug|Any CPU.ActiveCfg = Debug|Any CPU
		{B1000000-0000-4000-8000-000000000011}.Debug|Any CPU.Build.0 = Debug|Any CPU
		{B1000000-0000-4000-8000-000000000011}.Release|Any CPU.ActiveCfg = Release|Any CPU
		{B1000000-0000-4000-8000-000000000011}.Release|Any CPU.Build.0 = Release|Any CPU
		{B1000000-0000-4000-8000-000000000012}.Debug|Any CPU.ActiveCfg = Debug|Any CPU
		{B1000000-0000-4000-8000-000000000012}.Debug|Any CPU.Build.0 = Debug|Any CPU
		{B1000000-0000-4000-8000-000000000012}.Release|Any CPU.ActiveCfg = Release|Any CPU
		{B1000000-0000-4000-8000-000000000012}.Release|Any CPU.Build.0 = Release|Any CPU
		{B1000000-0000-4000-8000-000000000013}.Debug|Any CPU.ActiveCfg = Debug|Any CPU
		{B1000000-0000-4000-8000-000000000013}.Debug|Any CPU.Build.0 = Debug|Any CPU
		{B1000000-0000-4000-8000-000000000013}.Release|Any CPU.ActiveCfg = Release|Any CPU
		{B1000000-0000-4000-8000-000000000013}.Release|Any CPU.Build.0 = Release|Any CPU
		{B1000000-0000-4000-8000-000000000014}.Debug|Any CPU.ActiveCfg = Debug|Any CPU
		{B1000000-0000-4000-8000-000000000014}.Debug|Any CPU.Build.0 = Debug|Any CPU
		{B1000000-0000-4000-8000-000000000014}.Release|Any CPU.ActiveCfg = Release|Any CPU
		{B1000000-0000-4000-8000-000000000014}.Release|Any CPU.Build.0 = Release|Any CPU
		{B1000000-0000-4000-8000-000000000021}.Debug|Any CPU.ActiveCfg = Debug|Any CPU
		{B1000000-0000-4000-8000-000000000021}.Debug|Any CPU.Build.0 = Debug|Any CPU
		{B1000000-0000-4000-8000-000000000021}.Release|Any CPU.ActiveCfg = Release|Any CPU
		{B1000000-0000-4000-8000-000000000021}.Release|Any CPU.Build.0 = Release|Any CPU
		{B1000000-0000-4000-8000-000000000022}.Debug|Any CPU.ActiveCfg = Debug|Any CPU
		{B1000000-0000-4000-8000-000000000022}.Debug|Any CPU.Build.0 = Debug|Any CPU
		{B1000000-0000-4000-8000-000000000022}.Release|Any CPU.ActiveCfg = Release|Any CPU
		{B1000000-0000-4000-8000-000000000022}.Release|Any CPU.Build.0 = Release|Any CPU
		{B1000000-0000-4000-8000-000000000023}.Debug|Any CPU.ActiveCfg = Debug|Any CPU
		{B1000000-0000-4000-8000-000000000023}.Debug|Any CPU.Build.0 = Debug|Any CPU
		{B1000000-0000-4000-8000-000000000023}.Release|Any CPU.ActiveCfg = Release|Any CPU
		{B1000000-0000-4000-8000-000000000023}.Release|Any CPU.Build.0 = Release|Any CPU
	EndGlobalSection
	GlobalSection(SolutionProperties) = preSolution
		HideSolutionNode = FALSE
	EndGlobalSection
	GlobalSection(NestedProjects) = preSolution
		{B1000000-0000-4000-8000-000000000011} = {A1000000-0000-4000-8000-000000000001}
		{B1000000-0000-4000-8000-000000000012} = {A1000000-0000-4000-8000-000000000001}
		{B1000000-0000-4000-8000-000000000013} = {A1000000-0000-4000-8000-000000000001}
		{B1000000-0000-4000-8000-000000000014} = {A1000000-0000-4000-8000-000000000001}
		{B1000000-0000-4000-8000-000000000021} = {A1000000-0000-4000-8000-000000000002}
		{B1000000-0000-4000-8000-000000000022} = {A1000000-0000-4000-8000-000000000002}
		{B1000000-0000-4000-8000-000000000023} = {A1000000-0000-4000-8000-000000000002}
	EndGlobalSection
EndGlobal
